
Microsoft Visual Studio Solution File, Format Version 12.00
# Visual Studio Version 16
VisualStudioVersion = 16.0.31005.135
MinimumVisualStudioVersion = 10.0.40219.1
Project("{8BC9CEB8-8B4A-11D0-8D11-00A0C91BC942}") = "history-linked-list", "history-linked-list\history-linked-list.vcxproj", "{B6210564-2C7A-42F4-B818-A703601ADE02}"
EndProject
Global
	GlobalSection(SolutionConfigurationPlatforms) = preSolution
		Debug|x64 = Debug|x64
		Debug|x86 = Debug|x86
		Release|x64 = Release|x64
		Release|x86 = Release|x86
	EndGlobalSection
	GlobalSection(ProjectConfigurationPlatforms) = postSolution
		{B6210564-2C7A-42F4-B818-A703601ADE02}.Debug|x64.ActiveCfg = Debug|x64
		{B6210564-2C7A-42F4-B818-A703601ADE02}.Debug|x64.Build.0 = Debug|x64
		{B6210564-2C7A-42F4-B818-A703601ADE02}.Debug|x86.ActiveCfg = Debug|Win32
		{B6210564-2C7A-42F4-B818-A703601ADE02}.Debug|x86.Build.0 = Debug|Win32
		{B6210564-2C7A-42F4-B818-A703601ADE02}.Release|x64.ActiveCfg = Release|x64
		{B6210564-2C7A-42F4-B818-A703601ADE02}.Release|x64.Build.0 = Release|x64
		{B6210564-2C7A-42F4-B818-A703601ADE02}.Release|x86.ActiveCfg = Release|Win32
		{B6210564-2C7A-42F4-B818-A703601ADE02}.Release|x86.Build.0 = Release|Win32
	EndGlobalSection
	GlobalSection(SolutionProperties) = preSolution
		HideSolutionNode = FALSE
	EndGlobalSection
	GlobalSection(ExtensibilityGlobals) = postSolution
		SolutionGuid = {D813792F-8831-4DF0-98E1-DAF15A83E225}
	EndGlobalSection
EndGlobal
